
Microsoft Visual Studio Solution File, Format Version 12.00
# Visual Studio Version 16
VisualStudioVersion = 16.0.31911.196
MinimumVisualStudioVersion = 10.0.40219.1
Project("{9A19103F-16F7-4668-BE54-9A1E7A4F7556}") = "creation_ms", "creation_ms.csproj", "{BD573736-DD38-4E29-B7F8-64B3420346CD}"
EndProject
Project("{E53339B2-1760-4266-BCC7-CA923CBCF16C}") = "docker-compose", "docker-compose.dcproj", "{DAC71818-3AF8-472B-8B41-1CA0D8ED9252}"
EndProject
Global
	GlobalSection(SolutionConfigurationPlatforms) = preSolution
		Debug|Any CPU = Debug|Any CPU
		Release|Any CPU = Release|Any CPU
	EndGlobalSection
	GlobalSection(ProjectConfigurationPlatforms) = postSolution
		{BD573736-DD38-4E29-B7F8-64B3420346CD}.Debug|Any CPU.ActiveCfg = Debug|Any CPU
		{BD573736-DD38-4E29-B7F8-64B3420346CD}.Debug|Any CPU.Build.0 = Debug|Any CPU
		{BD573736-DD38-4E29-B7F8-64B3420346CD}.Release|Any CPU.ActiveCfg = Release|Any CPU
		{BD573736-DD38-4E29-B7F8-64B3420346CD}.Release|Any CPU.Build.0 = Release|Any CPU
		{DAC71818-3AF8-472B-8B41-1CA0D8ED9252}.Debug|Any CPU.ActiveCfg = Debug|Any CPU
		{DAC71818-3AF8-472B-8B41-1CA0D8ED9252}.Debug|Any CPU.Build.0 = Debug|Any CPU
		{DAC71818-3AF8-472B-8B41-1CA0D8ED9252}.Release|Any CPU.ActiveCfg = Release|Any CPU
		{DAC71818-3AF8-472B-8B41-1CA0D8ED9252}.Release|Any CPU.Build.0 = Release|Any CPU
	EndGlobalSection
	GlobalSection(SolutionProperties) = preSolution
		HideSolutionNode = FALSE
	EndGlobalSection
	GlobalSection(ExtensibilityGlobals) = postSolution
		SolutionGuid = {9D84E433-7935-4BEC-B546-A79258B73FB4}
	EndGlobalSection
EndGlobal
