
Microsoft Visual Studio Solution File, Format Version 12.00
# Visual Studio Version 16
VisualStudioVersion = 16.0.31911.196
MinimumVisualStudioVersion = 10.0.40219.1
Project("{FAE04EC0-301F-11D3-BF4B-00C04F79EFBC}") = "Creacion", "Creacion.csproj", "{CD4F8FDC-6AC6-42C6-9BEB-76586C99CBD6}"
EndProject
Project("{E53339B2-1760-4266-BCC7-CA923CBCF16C}") = "docker-compose", "docker-compose.dcproj", "{054EE45F-82B6-4012-8EFE-2ABC8105D5DC}"
EndProject
Global
	GlobalSection(SolutionConfigurationPlatforms) = preSolution
		Debug|Any CPU = Debug|Any CPU
		Release|Any CPU = Release|Any CPU
	EndGlobalSection
	GlobalSection(ProjectConfigurationPlatforms) = postSolution
		{CD4F8FDC-6AC6-42C6-9BEB-76586C99CBD6}.Debug|Any CPU.ActiveCfg = Debug|Any CPU
		{CD4F8FDC-6AC6-42C6-9BEB-76586C99CBD6}.Debug|Any CPU.Build.0 = Debug|Any CPU
		{CD4F8FDC-6AC6-42C6-9BEB-76586C99CBD6}.Release|Any CPU.ActiveCfg = Release|Any CPU
		{CD4F8FDC-6AC6-42C6-9BEB-76586C99CBD6}.Release|Any CPU.Build.0 = Release|Any CPU
		{054EE45F-82B6-4012-8EFE-2ABC8105D5DC}.Debug|Any CPU.ActiveCfg = Debug|Any CPU
		{054EE45F-82B6-4012-8EFE-2ABC8105D5DC}.Debug|Any CPU.Build.0 = Debug|Any CPU
		{054EE45F-82B6-4012-8EFE-2ABC8105D5DC}.Release|Any CPU.ActiveCfg = Release|Any CPU
		{054EE45F-82B6-4012-8EFE-2ABC8105D5DC}.Release|Any CPU.Build.0 = Release|Any CPU
	EndGlobalSection
	GlobalSection(SolutionProperties) = preSolution
		HideSolutionNode = FALSE
	EndGlobalSection
	GlobalSection(ExtensibilityGlobals) = postSolution
		SolutionGuid = {19463B63-0072-49DF-A55B-A4D533AD2C48}
	EndGlobalSection
EndGlobal
